
Microsoft Visual Studio Solution File, Format Version 12.00
# Visual Studio Version 16
VisualStudioVersion = 16.0.810.6
MinimumVisualStudioVersion = 10.0.40219.1
Project("{FAE04EC0-301F-11D3-BF4B-00C04F79EFBC}") = "SortingAlgorithms", "SortingAlgorithms\SortingAlgorithms.csproj", "{05FE214D-F95F-470D-B180-6D96A2113145}"
EndProject
Global
	GlobalSection(SolutionConfigurationPlatforms) = preSolution
		Debug|Any CPU = Debug|Any CPU
		Release|Any CPU = Release|Any CPU
	EndGlobalSection
	GlobalSection(ProjectConfigurationPlatforms) = postSolution
		{05FE214D-F95F-470D-B180-6D96A2113145}.Debug|Any CPU.ActiveCfg = Debug|Any CPU
		{05FE214D-F95F-470D-B180-6D96A2113145}.Debug|Any CPU.Build.0 = Debug|Any CPU
		{05FE214D-F95F-470D-B180-6D96A2113145}.Release|Any CPU.ActiveCfg = Release|Any CPU
		{05FE214D-F95F-470D-B180-6D96A2113145}.Release|Any CPU.Build.0 = Release|Any CPU
	EndGlobalSection
	GlobalSection(SolutionProperties) = preSolution
		HideSolutionNode = FALSE
	EndGlobalSection
	GlobalSection(ExtensibilityGlobals) = postSolution
		SolutionGuid = {E14533B0-BE7E-4A48-95EB-076F87A01A63}
	EndGlobalSection
EndGlobal
